
Microsoft Visual Studio Solution File, Format Version 12.00
# Visual Studio Version 16
VisualStudioVersion = 16.0.30002.166
MinimumVisualStudioVersion = 10.0.40219.1
Project("{FAE04EC0-301F-11D3-BF4B-00C04F79EFBC}") = "SpamBot", "SpamBot\SpamBot.csproj", "{02E36B18-A028-4121-BD65-1A82D28E4B08}"
EndProject
Global
	GlobalSection(SolutionConfigurationPlatforms) = preSolution
		Debug|Any CPU = Debug|Any CPU
		Release|Any CPU = Release|Any CPU
	EndGlobalSection
	GlobalSection(ProjectConfigurationPlatforms) = postSolution
		{02E36B18-A028-4121-BD65-1A82D28E4B08}.Debug|Any CPU.ActiveCfg = Debug|Any CPU
		{02E36B18-A028-4121-BD65-1A82D28E4B08}.Debug|Any CPU.Build.0 = Debug|Any CPU
		{02E36B18-A028-4121-BD65-1A82D28E4B08}.Release|Any CPU.ActiveCfg = Release|Any CPU
		{02E36B18-A028-4121-BD65-1A82D28E4B08}.Release|Any CPU.Build.0 = Release|Any CPU
	EndGlobalSection
	GlobalSection(SolutionProperties) = preSolution
		HideSolutionNode = FALSE
	EndGlobalSection
	GlobalSection(ExtensibilityGlobals) = postSolution
		SolutionGuid = {E443D80F-05CC-4C96-8A89-E457E8E23938}
	EndGlobalSection
EndGlobal
